{
  "name": "github_cheater",
  "version": "1.0.0",
  "lockfileVersion": 1,
  "requires": true,
  "dependencies": {
    "chinpunkanpun": {
      "version": "1.0.1",
      "resolved": "https://registry.npmjs.org/chinpunkanpun/-/chinpunkanpun-1.0.1.tgz",
      "integrity": "sha512-K8l6E7OuOyoX+PGr9ulHGFIB3zAKX9geYljG0ERjocWWyV3r/a3BK4/r24vTKQaT353LcWj0z7PKlAWB24bP+Q=="
    }
  }
}
